
Microsoft Visual Studio Solution File, Format Version 12.00
# Visual Studio Version 16
VisualStudioVersion = 16.0.30320.27
MinimumVisualStudioVersion = 10.0.40219.1
Project("{FAE04EC0-301F-11D3-BF4B-00C04F79EFBC}") = "EstateApp", "EstateApp\EstateApp.csproj", "{65B741F1-FC13-4D85-A913-5265F28F92DB}"
EndProject
Global
	GlobalSection(SolutionConfigurationPlatforms) = preSolution
		Debug|Any CPU = Debug|Any CPU
		Release|Any CPU = Release|Any CPU
	EndGlobalSection
	GlobalSection(ProjectConfigurationPlatforms) = postSolution
		{65B741F1-FC13-4D85-A913-5265F28F92DB}.Debug|Any CPU.ActiveCfg = Debug|Any CPU
		{65B741F1-FC13-4D85-A913-5265F28F92DB}.Debug|Any CPU.Build.0 = Debug|Any CPU
		{65B741F1-FC13-4D85-A913-5265F28F92DB}.Release|Any CPU.ActiveCfg = Release|Any CPU
		{65B741F1-FC13-4D85-A913-5265F28F92DB}.Release|Any CPU.Build.0 = Release|Any CPU
	EndGlobalSection
	GlobalSection(SolutionProperties) = preSolution
		HideSolutionNode = FALSE
	EndGlobalSection
	GlobalSection(ExtensibilityGlobals) = postSolution
		SolutionGuid = {63FB3A16-C29D-4B97-8157-6A57227DFC22}
	EndGlobalSection
EndGlobal
